
Microsoft Visual Studio Solution File, Format Version 12.00
Project("{2150E333-8FDC-42A3-9474-1A3956D46DE8}") = "configs", "configs", "{83BCE77B-F611-4F3B-847C-F9256F51F03A}"
	ProjectSection(SolutionItems) = preProject
		docker-compose.yml = docker-compose.yml
	EndProjectSection
EndProject
Project("{FAE04EC0-301F-11D3-BF4B-00C04F79EFBC}") = "ExpenseTracker.API", "backend\ExpenseTracker.API\ExpenseTracker.API.csproj", "{21825BC5-779B-454D-9819-2D84B758C68E}"
EndProject
Global
	GlobalSection(SolutionConfigurationPlatforms) = preSolution
		Debug|Any CPU = Debug|Any CPU
		Release|Any CPU = Release|Any CPU
	EndGlobalSection
	GlobalSection(NestedProjects) = preSolution
	EndGlobalSection
	GlobalSection(ProjectConfigurationPlatforms) = postSolution
		{21825BC5-779B-454D-9819-2D84B758C68E}.Debug|Any CPU.ActiveCfg = Debug|Any CPU
		{21825BC5-779B-454D-9819-2D84B758C68E}.Debug|Any CPU.Build.0 = Debug|Any CPU
		{21825BC5-779B-454D-9819-2D84B758C68E}.Release|Any CPU.ActiveCfg = Release|Any CPU
		{21825BC5-779B-454D-9819-2D84B758C68E}.Release|Any CPU.Build.0 = Release|Any CPU
	EndGlobalSection
EndGlobal
